
Microsoft Visual Studio Solution File, Format Version 12.00
# Visual Studio Version 16
VisualStudioVersion = 25.0.1705.4
MinimumVisualStudioVersion = 10.0.40219.1
Project("{FAE04EC0-301F-11D3-BF4B-00C04F79EFBC}") = "km to cm", "km to cm\km to cm.csproj", "{42095D1C-147C-4747-ADBF-76A51678E4BB}"
EndProject
Global
	GlobalSection(SolutionConfigurationPlatforms) = preSolution
		Debug|Any CPU = Debug|Any CPU
		Release|Any CPU = Release|Any CPU
	EndGlobalSection
	GlobalSection(ProjectConfigurationPlatforms) = postSolution
		{42095D1C-147C-4747-ADBF-76A51678E4BB}.Debug|Any CPU.ActiveCfg = Debug|Any CPU
		{42095D1C-147C-4747-ADBF-76A51678E4BB}.Debug|Any CPU.Build.0 = Debug|Any CPU
		{42095D1C-147C-4747-ADBF-76A51678E4BB}.Release|Any CPU.ActiveCfg = Release|Any CPU
		{42095D1C-147C-4747-ADBF-76A51678E4BB}.Release|Any CPU.Build.0 = Release|Any CPU
	EndGlobalSection
	GlobalSection(SolutionProperties) = preSolution
		HideSolutionNode = FALSE
	EndGlobalSection
	GlobalSection(ExtensibilityGlobals) = postSolution
		SolutionGuid = {18BD0D8A-0313-4F13-93F2-F26C9F728A65}
	EndGlobalSection
EndGlobal
