
Microsoft Visual Studio Solution File, Format Version 12.00
# Visual Studio Version 16
VisualStudioVersion = 25.0.1706.0
MinimumVisualStudioVersion = 10.0.40219.1
Project("{FAE04EC0-301F-11D3-BF4B-00C04F79EFBC}") = "LAB6-Q1", "LAB6-Q1\LAB6-Q1.csproj", "{A10C821A-D8DD-4C19-9BAF-F4FA01FBB79A}"
EndProject
Global
	GlobalSection(SolutionConfigurationPlatforms) = preSolution
		Debug|Any CPU = Debug|Any CPU
		Release|Any CPU = Release|Any CPU
	EndGlobalSection
	GlobalSection(ProjectConfigurationPlatforms) = postSolution
		{A10C821A-D8DD-4C19-9BAF-F4FA01FBB79A}.Debug|Any CPU.ActiveCfg = Debug|Any CPU
		{A10C821A-D8DD-4C19-9BAF-F4FA01FBB79A}.Debug|Any CPU.Build.0 = Debug|Any CPU
		{A10C821A-D8DD-4C19-9BAF-F4FA01FBB79A}.Release|Any CPU.ActiveCfg = Release|Any CPU
		{A10C821A-D8DD-4C19-9BAF-F4FA01FBB79A}.Release|Any CPU.Build.0 = Release|Any CPU
	EndGlobalSection
	GlobalSection(SolutionProperties) = preSolution
		HideSolutionNode = FALSE
	EndGlobalSection
	GlobalSection(ExtensibilityGlobals) = postSolution
		SolutionGuid = {CE6A2734-77C3-4622-9598-C4C0505EB902}
	EndGlobalSection
EndGlobal
